
Microsoft Visual Studio Solution File, Format Version 12.00
# Visual Studio Version 16
VisualStudioVersion = 16.0.30804.86
MinimumVisualStudioVersion = 10.0.40219.1
Project("{FAE04EC0-301F-11D3-BF4B-00C04F79EFBC}") = "Minesweeper", "Minesweeper\Minesweeper.csproj", "{DBA106C1-F05C-4508-B8E9-20F89FD5D4C6}"
EndProject
Global
	GlobalSection(SolutionConfigurationPlatforms) = preSolution
		Debug|Any CPU = Debug|Any CPU
		Release|Any CPU = Release|Any CPU
	EndGlobalSection
	GlobalSection(ProjectConfigurationPlatforms) = postSolution
		{DBA106C1-F05C-4508-B8E9-20F89FD5D4C6}.Debug|Any CPU.ActiveCfg = Debug|Any CPU
		{DBA106C1-F05C-4508-B8E9-20F89FD5D4C6}.Debug|Any CPU.Build.0 = Debug|Any CPU
		{DBA106C1-F05C-4508-B8E9-20F89FD5D4C6}.Release|Any CPU.ActiveCfg = Release|Any CPU
		{DBA106C1-F05C-4508-B8E9-20F89FD5D4C6}.Release|Any CPU.Build.0 = Release|Any CPU
	EndGlobalSection
	GlobalSection(SolutionProperties) = preSolution
		HideSolutionNode = FALSE
	EndGlobalSection
	GlobalSection(ExtensibilityGlobals) = postSolution
		SolutionGuid = {5B072299-4D39-40F1-BA61-CEE4362D7FE3}
	EndGlobalSection
EndGlobal
